
Microsoft Visual Studio Solution File, Format Version 12.00
# Visual Studio 15
VisualStudioVersion = 15.0.27428.2037
MinimumVisualStudioVersion = 10.0.40219.1
Project("{FAE04EC0-301F-11D3-BF4B-00C04F79EFBC}") = "AzureFunction1", "AzureFunction1\AzureFunction1.csproj", "{37AC9D02-241B-4FAE-8F85-C7B615BCB801}"
EndProject
Global
	GlobalSection(SolutionConfigurationPlatforms) = preSolution
		Debug|Any CPU = Debug|Any CPU
		Release|Any CPU = Release|Any CPU
	EndGlobalSection
	GlobalSection(ProjectConfigurationPlatforms) = postSolution
		{37AC9D02-241B-4FAE-8F85-C7B615BCB801}.Debug|Any CPU.ActiveCfg = Debug|Any CPU
		{37AC9D02-241B-4FAE-8F85-C7B615BCB801}.Debug|Any CPU.Build.0 = Debug|Any CPU
		{37AC9D02-241B-4FAE-8F85-C7B615BCB801}.Release|Any CPU.ActiveCfg = Release|Any CPU
		{37AC9D02-241B-4FAE-8F85-C7B615BCB801}.Release|Any CPU.Build.0 = Release|Any CPU
	EndGlobalSection
	GlobalSection(SolutionProperties) = preSolution
		HideSolutionNode = FALSE
	EndGlobalSection
	GlobalSection(ExtensibilityGlobals) = postSolution
		SolutionGuid = {00A183BF-7B81-464C-8FAC-E41C7865EBAF}
	EndGlobalSection
EndGlobal
